{
  "originHash" : "a4e50416c2daf15d6aedc824d15256967e24162dfea74ded2fb4e89fff5596bd",
  "pins" : [
    {
      "identity" : "lnsswiftuiextras",
      "kind" : "remoteSourceControl",
      "location" : "https://github.com/alldritt/LNSSwiftUIExtras.git",
      "state" : {
        "branch" : "main",
        "revision" : "64e60fcca01ab88dcc0c6b52fcf6cd9a82e1c636"
      }
    }
  ],
  "version" : 3
}
